
Microsoft Visual Studio Solution File, Format Version 12.00
# Visual Studio Version 16
VisualStudioVersion = 16.0.30225.117
MinimumVisualStudioVersion = 10.0.40219.1
Project("{FAE04EC0-301F-11D3-BF4B-00C04F79EFBC}") = "WindowsService", "WindowsService\WindowsService.csproj", "{13AE3E4A-35CD-45F9-9AB4-B142EF8E900A}"
EndProject
Project("{FAE04EC0-301F-11D3-BF4B-00C04F79EFBC}") = "ConsoleApp", "ConsoleApp\ConsoleApp.csproj", "{61D473AF-10F5-4C36-8665-20A8715E2B3C}"
EndProject
Project("{2150E333-8FDC-42A3-9474-1A3956D46DE8}") = "Solution Items", "Solution Items", "{4FBF0D14-F6FD-44FD-8837-FC2CDCD3801E}"
	ProjectSection(SolutionItems) = preProject
		readme.md = readme.md
	EndProjectSection
EndProject
Project("{FAE04EC0-301F-11D3-BF4B-00C04F79EFBC}") = "JsMan", "JsMan\JsMan.csproj", "{CFF65C3B-A104-4A5C-815C-1CC3E09DE62A}"
EndProject
Project("{FAE04EC0-301F-11D3-BF4B-00C04F79EFBC}") = "JsAdvApi32", "JsAdvApi32\JsAdvApi32.csproj", "{E83899F4-EFB3-4C4F-AAC0-1C9DE9482B51}"
EndProject
Global
	GlobalSection(SolutionConfigurationPlatforms) = preSolution
		Debug|Any CPU = Debug|Any CPU
		Release|Any CPU = Release|Any CPU
	EndGlobalSection
	GlobalSection(ProjectConfigurationPlatforms) = postSolution
		{13AE3E4A-35CD-45F9-9AB4-B142EF8E900A}.Debug|Any CPU.ActiveCfg = Debug|Any CPU
		{13AE3E4A-35CD-45F9-9AB4-B142EF8E900A}.Debug|Any CPU.Build.0 = Debug|Any CPU
		{13AE3E4A-35CD-45F9-9AB4-B142EF8E900A}.Release|Any CPU.ActiveCfg = Release|Any CPU
		{13AE3E4A-35CD-45F9-9AB4-B142EF8E900A}.Release|Any CPU.Build.0 = Release|Any CPU
		{61D473AF-10F5-4C36-8665-20A8715E2B3C}.Debug|Any CPU.ActiveCfg = Debug|Any CPU
		{61D473AF-10F5-4C36-8665-20A8715E2B3C}.Debug|Any CPU.Build.0 = Debug|Any CPU
		{61D473AF-10F5-4C36-8665-20A8715E2B3C}.Release|Any CPU.ActiveCfg = Release|Any CPU
		{61D473AF-10F5-4C36-8665-20A8715E2B3C}.Release|Any CPU.Build.0 = Release|Any CPU
		{CFF65C3B-A104-4A5C-815C-1CC3E09DE62A}.Debug|Any CPU.ActiveCfg = Debug|Any CPU
		{CFF65C3B-A104-4A5C-815C-1CC3E09DE62A}.Debug|Any CPU.Build.0 = Debug|Any CPU
		{CFF65C3B-A104-4A5C-815C-1CC3E09DE62A}.Release|Any CPU.ActiveCfg = Release|Any CPU
		{CFF65C3B-A104-4A5C-815C-1CC3E09DE62A}.Release|Any CPU.Build.0 = Release|Any CPU
		{E83899F4-EFB3-4C4F-AAC0-1C9DE9482B51}.Debug|Any CPU.ActiveCfg = Debug|Any CPU
		{E83899F4-EFB3-4C4F-AAC0-1C9DE9482B51}.Debug|Any CPU.Build.0 = Debug|Any CPU
		{E83899F4-EFB3-4C4F-AAC0-1C9DE9482B51}.Release|Any CPU.ActiveCfg = Release|Any CPU
		{E83899F4-EFB3-4C4F-AAC0-1C9DE9482B51}.Release|Any CPU.Build.0 = Release|Any CPU
	EndGlobalSection
	GlobalSection(SolutionProperties) = preSolution
		HideSolutionNode = FALSE
	EndGlobalSection
	GlobalSection(ExtensibilityGlobals) = postSolution
		SolutionGuid = {3F4AAF68-FA43-48E7-98E3-03F709D8F39B}
	EndGlobalSection
EndGlobal
